
Microsoft Visual Studio Solution File, Format Version 12.00
# Visual Studio Version 16
VisualStudioVersion = 16.0.32106.194
MinimumVisualStudioVersion = 10.0.40219.1
Project("{FAE04EC0-301F-11D3-BF4B-00C04F79EFBC}") = "СlassicalNeuralNetworkGui", "СlassicalNeuralNetworkGui\СlassicalNeuralNetworkGui.csproj", "{EB9DEDF3-B371-4B48-BC1F-D8F22EA5B69C}"
EndProject
Project("{9A19103F-16F7-4668-BE54-9A1E7A4F7556}") = "MultilayerPerseprotron", "MultilayerPerseprotron\MultilayerPerseprotron.csproj", "{29EDB2F1-1078-4F19-9D58-7840BEE06095}"
EndProject
Global
	GlobalSection(SolutionConfigurationPlatforms) = preSolution
		Debug|Any CPU = Debug|Any CPU
		Release|Any CPU = Release|Any CPU
	EndGlobalSection
	GlobalSection(ProjectConfigurationPlatforms) = postSolution
		{EB9DEDF3-B371-4B48-BC1F-D8F22EA5B69C}.Debug|Any CPU.ActiveCfg = Debug|Any CPU
		{EB9DEDF3-B371-4B48-BC1F-D8F22EA5B69C}.Debug|Any CPU.Build.0 = Debug|Any CPU
		{EB9DEDF3-B371-4B48-BC1F-D8F22EA5B69C}.Release|Any CPU.ActiveCfg = Release|Any CPU
		{EB9DEDF3-B371-4B48-BC1F-D8F22EA5B69C}.Release|Any CPU.Build.0 = Release|Any CPU
		{29EDB2F1-1078-4F19-9D58-7840BEE06095}.Debug|Any CPU.ActiveCfg = Debug|Any CPU
		{29EDB2F1-1078-4F19-9D58-7840BEE06095}.Debug|Any CPU.Build.0 = Debug|Any CPU
		{29EDB2F1-1078-4F19-9D58-7840BEE06095}.Release|Any CPU.ActiveCfg = Release|Any CPU
		{29EDB2F1-1078-4F19-9D58-7840BEE06095}.Release|Any CPU.Build.0 = Release|Any CPU
	EndGlobalSection
	GlobalSection(SolutionProperties) = preSolution
		HideSolutionNode = FALSE
	EndGlobalSection
	GlobalSection(ExtensibilityGlobals) = postSolution
		SolutionGuid = {D3640B87-A9FE-4C85-9442-A4E3010577B3}
	EndGlobalSection
EndGlobal
